#
# This file is autogenerated by pip-compile with Python 3.11
# by the following command:
#
#    pip-compile --extra=full --no-index --no-strip-extras --output-file=requirements.lock pyproject.toml
#
accelerate==1.14.0
    # via
    #   garak
    #   transformers
aiohappyeyeballs==2.7.1
    # via aiohttp
aiohttp==3.14.3
    # via
    #   fsspec
    #   litellm
    #   switch-trust-cli (pyproject.toml)
aiosignal==1.4.0
    # via aiohttp
aiosqlite==0.22.1
    # via google-adk
annotated-doc==0.0.5
    # via
    #   fastapi
    #   typer
annotated-types==0.8.0
    # via pydantic
anthropic==0.87.0
    # via switch-trust-cli (pyproject.toml)
anyio==4.14.2
    # via
    #   anthropic
    #   google-genai
    #   httpx
    #   langsmith
    #   openai
    #   starlette
attrs==26.1.0
    # via
    #   aiohttp
    #   cmd2
    #   jsonschema
    #   referencing
authlib==1.7.2
    # via google-adk
avidtools==0.1.2
    # via garak
backoff==2.2.1
    # via garak
bandit==1.9.4
    # via switch-trust-cli (pyproject.toml)
base2048==0.1.3
    # via garak
boolean-py==5.0
    # via license-expression
boto3==1.43.70
    # via garak
botocore==1.43.70
    # via
    #   boto3
    #   s3transfer
cachecontrol[filecache]==0.14.4
    # via
    #   cachecontrol
    #   pip-audit
certifi==2026.7.22
    # via
    #   httpcore
    #   httpx
    #   requests
cffi==2.1.1
    # via cryptography
charset-normalizer==3.5.0
    # via requests
click==8.4.2
    # via
    #   google-adk
    #   huggingface-hub
    #   litellm
    #   nltk
    #   uvicorn
cmd2==2.4.3
    # via garak
cohere==7.0.8
    # via garak
colorama==0.4.6
    # via garak
cryptography==50.0.0
    # via
    #   authlib
    #   google-auth
    #   joserfc
    #   pyopenssl
    #   switch-trust-cli (pyproject.toml)
cvss==3.6
    # via switch-trust-cli (pyproject.toml)
cyclonedx-python-lib==11.12.0
    # via pip-audit
dataclasses-json==0.6.7
    # via switch-trust-cli (pyproject.toml)
datafog==4.8.1
    # via switch-trust-cli (pyproject.toml)
datasets==3.6.0
    # via garak
datetime==6.0
    # via avidtools
deepl==1.17.0
    # via garak
defusedxml==0.7.1
    # via
    #   nltk
    #   py-serializable
detect-secrets==1.5.0
    # via switch-trust-cli (pyproject.toml)
dill==0.3.8
    # via
    #   datasets
    #   multiprocess
distro==1.9.0
    # via
    #   anthropic
    #   google-genai
    #   langsmith
    #   openai
docstring-parser==0.18.0
    # via anthropic
ecoji==0.1.1
    # via garak
eval-type-backport==0.4.0
    # via mistralai
fastapi==0.141.1
    # via google-adk
fastavro==1.12.2
    # via cohere
fastuuid==0.14.0
    # via litellm
filelock==3.32.2
    # via
    #   cachecontrol
    #   datasets
    #   huggingface-hub
    #   torch
frozenlist==1.8.0
    # via
    #   aiohttp
    #   aiosignal
fsspec[http]==2025.3.0
    # via
    #   datasets
    #   huggingface-hub
    #   torch
ftfy==6.3.1
    # via garak
garak==0.14.0
    # via switch-trust-cli (pyproject.toml)
google-adk==2.2.0
    # via switch-trust-cli (pyproject.toml)
google-api-core[grpc]==2.34.0
    # via
    #   google-api-python-client
    #   google-cloud-core
    #   google-cloud-translate
google-api-python-client==2.198.0
    # via garak
google-auth[pyopenssl,requests]==2.56.3
    # via
    #   google-adk
    #   google-api-core
    #   google-api-python-client
    #   google-auth-httplib2
    #   google-cloud-core
    #   google-cloud-translate
    #   google-genai
google-auth-httplib2==0.4.1
    # via google-api-python-client
google-cloud-core==2.6.1
    # via google-cloud-translate
google-cloud-translate==3.27.0
    # via garak
google-genai==2.18.0
    # via google-adk
googleapis-common-protos[grpc]==1.75.1
    # via
    #   google-api-core
    #   grpc-google-iam-v1
    #   grpcio-status
    #   opentelemetry-exporter-otlp-proto-http
graphviz==0.21
    # via google-adk
grpc-google-iam-v1==0.14.5
    # via google-cloud-translate
grpcio==1.83.0
    # via
    #   google-api-core
    #   google-cloud-translate
    #   googleapis-common-protos
    #   grpc-google-iam-v1
    #   grpcio-status
    #   grpcio-tools
grpcio-status==1.83.0
    # via google-api-core
grpcio-tools==1.81.1
    # via
    #   garak
    #   nvidia-riva-client
h11==0.16.0
    # via
    #   httpcore
    #   uvicorn
hf-xet==1.6.0
    # via huggingface-hub
httpcore==1.0.9
    # via httpx
httplib2==0.32.0
    # via
    #   google-api-python-client
    #   google-auth-httplib2
httpx==0.28.1
    # via
    #   anthropic
    #   cohere
    #   google-adk
    #   google-genai
    #   huggingface-hub
    #   langgraph-sdk
    #   langsmith
    #   litellm
    #   mistralai
    #   ollama
    #   openai
    #   replicate
huggingface-hub==1.27.0
    # via
    #   accelerate
    #   datasets
    #   garak
    #   tokenizers
    #   transformers
idna==3.18
    # via
    #   anyio
    #   httpx
    #   requests
    #   yarl
importlib-metadata==8.7.1
    # via
    #   litellm
    #   opentelemetry-api
jinja2==3.1.6
    # via
    #   litellm
    #   torch
jiter==0.16.0
    # via
    #   anthropic
    #   openai
jmespath==1.1.0
    # via
    #   boto3
    #   botocore
joblib==1.5.3
    # via nltk
joserfc==1.7.4
    # via authlib
jsonpatch==1.33
    # via langchain-core
jsonpath-ng==1.8.0
    # via garak
jsonpath-python==1.1.6
    # via mistralai
jsonpointer==3.1.1
    # via jsonpatch
jsonschema==4.26.0
    # via
    #   google-adk
    #   litellm
jsonschema-specifications==2025.9.1
    # via jsonschema
langchain==1.3.15
    # via garak
langchain-core==1.5.4
    # via
    #   langchain
    #   langgraph
    #   langgraph-checkpoint
    #   langgraph-prebuilt
    #   langgraph-sdk
langchain-protocol==0.0.18
    # via
    #   langchain-core
    #   langgraph-sdk
langdetect==1.0.9
    # via garak
langgraph==1.2.11
    # via langchain
langgraph-checkpoint==4.2.0
    # via
    #   langgraph
    #   langgraph-prebuilt
langgraph-prebuilt==1.1.0
    # via langgraph
langgraph-sdk==0.4.2
    # via langgraph
langsmith==0.10.18
    # via langchain-core
license-expression==30.4.4
    # via cyclonedx-python-lib
litellm==1.96.2
    # via
    #   garak
    #   switch-trust-cli (pyproject.toml)
lorem==0.1.1
    # via garak
markdown==3.10.3
    # via garak
markdown-it-py==4.2.0
    # via rich
markupsafe==3.0.3
    # via jinja2
marshmallow==3.26.2
    # via dataclasses-json
mdurl==0.1.2
    # via markdown-it-py
mistralai==1.5.2
    # via garak
mpmath==1.3.0
    # via sympy
msgpack==1.2.1
    # via
    #   cachecontrol
    #   switch-trust-cli (pyproject.toml)
multidict==6.7.1
    # via
    #   aiohttp
    #   yarl
multiprocess==0.70.16
    # via datasets
mypy-extensions==1.1.0
    # via typing-inspect
nemollm==0.3.5
    # via garak
networkx==3.6.1
    # via torch
nltk==3.10.3
    # via garak
numpy==2.4.6
    # via
    #   accelerate
    #   datasets
    #   garak
    #   pandas
    #   transformers
nvdlib==0.8.3
    # via avidtools
nvidia-riva-client==2.16.0
    # via garak
ollama==0.6.2
    # via garak
openai==2.29.0
    # via
    #   garak
    #   litellm
    #   switch-trust-cli (pyproject.toml)
opentelemetry-api==1.41.1
    # via
    #   google-adk
    #   opentelemetry-exporter-otlp-proto-http
    #   opentelemetry-sdk
    #   opentelemetry-semantic-conventions
    #   switch-trust-cli (pyproject.toml)
opentelemetry-exporter-otlp-proto-common==1.41.1
    # via opentelemetry-exporter-otlp-proto-http
opentelemetry-exporter-otlp-proto-http==1.41.1
    # via switch-trust-cli (pyproject.toml)
opentelemetry-proto==1.41.1
    # via
    #   opentelemetry-exporter-otlp-proto-common
    #   opentelemetry-exporter-otlp-proto-http
opentelemetry-sdk==1.41.1
    # via
    #   google-adk
    #   opentelemetry-exporter-otlp-proto-http
    #   switch-trust-cli (pyproject.toml)
opentelemetry-semantic-conventions==0.62b1
    # via opentelemetry-sdk
orjson==3.11.9
    # via
    #   langgraph-sdk
    #   langsmith
ormsgpack==1.12.2
    # via langgraph-checkpoint
packageurl-python==0.17.6
    # via cyclonedx-python-lib
packaging==26.3
    # via
    #   accelerate
    #   datasets
    #   google-adk
    #   huggingface-hub
    #   langchain-core
    #   langsmith
    #   marshmallow
    #   pip-audit
    #   pip-requirements-parser
    #   replicate
    #   transformers
pandas==3.0.5
    # via datasets
pillow==12.3.0
    # via garak
pip-api==0.0.34
    # via pip-audit
pip-audit==2.10.1
    # via switch-trust-cli (pyproject.toml)
pip-requirements-parser==32.0.1
    # via pip-audit
platformdirs==4.11.2
    # via pip-audit
propcache==0.5.2
    # via
    #   aiohttp
    #   yarl
proto-plus==1.28.3
    # via
    #   google-api-core
    #   google-cloud-translate
protobuf==6.33.6
    # via
    #   google-api-core
    #   google-cloud-translate
    #   googleapis-common-protos
    #   grpc-google-iam-v1
    #   grpcio-status
    #   grpcio-tools
    #   opentelemetry-proto
    #   proto-plus
    #   switch-trust-cli (pyproject.toml)
psutil==7.2.2
    # via accelerate
py-serializable==2.1.0
    # via cyclonedx-python-lib
pyarrow==25.0.1
    # via datasets
pyasn1==0.6.4
    # via pyasn1-modules
pyasn1-modules==0.4.2
    # via google-auth
pycparser==3.0
    # via cffi
pydantic==2.12.5
    # via
    #   anthropic
    #   avidtools
    #   cohere
    #   datafog
    #   fastapi
    #   google-adk
    #   google-genai
    #   langchain
    #   langchain-core
    #   langgraph
    #   langsmith
    #   litellm
    #   mistralai
    #   ollama
    #   openai
    #   pydantic-settings
    #   replicate
    #   switch-trust-cli (pyproject.toml)
pydantic-core==2.41.5
    # via
    #   cohere
    #   pydantic
pydantic-settings==2.15.0
    # via
    #   datafog
    #   litellm
    #   switch-trust-cli (pyproject.toml)
pygments==2.20.0
    # via rich
pyopenssl==26.4.0
    # via switch-trust-cli (pyproject.toml)
pyparsing==3.3.2
    # via
    #   httplib2
    #   pip-requirements-parser
pyperclip==1.11.0
    # via cmd2
python-dateutil==2.9.0.post0
    # via
    #   botocore
    #   mistralai
    #   nemollm
    #   pandas
python-dotenv==1.2.2
    # via
    #   google-adk
    #   litellm
    #   pydantic-settings
    #   switch-trust-cli (pyproject.toml)
python-magic==0.4.27
    # via garak
python-multipart==0.0.32
    # via google-adk
pytz==2026.3.post1
    # via datetime
pyyaml==6.0.3
    # via
    #   accelerate
    #   bandit
    #   datasets
    #   detect-secrets
    #   google-adk
    #   huggingface-hub
    #   langchain-core
    #   transformers
rapidfuzz==3.14.5
    # via garak
referencing==0.37.0
    # via
    #   jsonschema
    #   jsonschema-specifications
regex==2026.7.19
    # via
    #   nltk
    #   tiktoken
    #   transformers
replicate==1.0.7
    # via garak
requests==2.34.2
    # via
    #   cachecontrol
    #   cohere
    #   datasets
    #   deepl
    #   detect-secrets
    #   google-adk
    #   google-api-core
    #   google-auth
    #   google-genai
    #   langsmith
    #   nvdlib
    #   opentelemetry-exporter-otlp-proto-http
    #   pip-audit
    #   requests-futures
    #   requests-toolbelt
    #   switch-trust-cli (pyproject.toml)
    #   tiktoken
    #   wn
requests-futures==1.0.2
    # via nemollm
requests-toolbelt==1.0.0
    # via
    #   langsmith
    #   nemollm
rich==15.0.0
    # via
    #   bandit
    #   pip-audit
    #   switch-trust-cli (pyproject.toml)
    #   typer
rpds-py==2026.6.3
    # via
    #   jsonschema
    #   referencing
s3transfer==0.19.2
    # via boto3
safetensors==0.8.0
    # via
    #   accelerate
    #   transformers
sentencepiece==0.2.2
    # via garak
shellingham==1.5.4
    # via typer
six==1.17.0
    # via
    #   langdetect
    #   python-dateutil
sniffio==1.3.1
    # via
    #   anthropic
    #   google-genai
    #   langsmith
    #   openai
sortedcontainers==2.4.0
    # via cyclonedx-python-lib
starlette==1.6.0
    # via
    #   fastapi
    #   google-adk
stdlibs==2026.2.26
    # via garak
stevedore==5.9.0
    # via bandit
sympy==1.14.0
    # via torch
tenacity==9.1.4
    # via
    #   google-adk
    #   google-genai
    #   langchain-core
tiktoken==0.13.0
    # via
    #   garak
    #   litellm
tokenizers==0.22.2
    # via
    #   cohere
    #   litellm
    #   transformers
tomli==2.4.1
    # via
    #   pip-audit
    #   wn
tomli-w==1.2.0
    # via pip-audit
torch==2.13.0
    # via
    #   accelerate
    #   garak
    #   transformers
tqdm==4.70.0
    # via
    #   datasets
    #   garak
    #   huggingface-hub
    #   nemollm
    #   nltk
    #   openai
    #   transformers
transformers[torch]==5.10.1
    # via
    #   garak
    #   switch-trust-cli (pyproject.toml)
typer==0.27.1
    # via transformers
types-requests==2.33.0.20260712
    # via cohere
typing-extensions==4.16.0
    # via
    #   aiohttp
    #   aiosignal
    #   anthropic
    #   anyio
    #   avidtools
    #   cohere
    #   cyclonedx-python-lib
    #   datafog
    #   fastapi
    #   google-adk
    #   google-genai
    #   grpcio
    #   huggingface-hub
    #   langchain-core
    #   langchain-protocol
    #   langsmith
    #   nemollm
    #   openai
    #   opentelemetry-api
    #   opentelemetry-exporter-otlp-proto-http
    #   opentelemetry-sdk
    #   opentelemetry-semantic-conventions
    #   pydantic
    #   pydantic-core
    #   pyopenssl
    #   referencing
    #   replicate
    #   starlette
    #   torch
    #   typing-inspect
    #   typing-inspection
typing-inspect==0.9.0
    # via
    #   dataclasses-json
    #   mistralai
typing-inspection==0.4.4
    # via
    #   fastapi
    #   pydantic
    #   pydantic-settings
tzlocal==5.4.4
    # via google-adk
uritemplate==4.2.0
    # via google-api-python-client
urllib3==2.7.0
    # via
    #   botocore
    #   nemollm
    #   requests
    #   types-requests
uuid-utils==0.17.0
    # via
    #   langchain-core
    #   langsmith
uvicorn==0.52.2
    # via google-adk
watchdog==6.0.0
    # via google-adk
wcwidth==0.8.2
    # via
    #   cmd2
    #   ftfy
websockets==15.0.1
    # via
    #   google-adk
    #   google-genai
    #   langgraph-sdk
    #   langsmith
wn==0.9.5
    # via garak
xdg-base-dirs==6.0.2
    # via garak
xxhash==4.0.0
    # via
    #   datasets
    #   langgraph
    #   langsmith
yarl==1.24.5
    # via aiohttp
zalgolib==0.2.2
    # via garak
zipp==4.1.0
    # via importlib-metadata
zope-interface==8.5
    # via datetime
zstandard==0.25.0
    # via langsmith

# The following packages are considered to be unsafe in a requirements file:
# pip
# setuptools
